
Microsoft Visual Studio Solution File, Format Version 12.00
# Visual Studio Version 16
VisualStudioVersion = 16.0.30711.63
MinimumVisualStudioVersion = 10.0.40219.1
Project("{FAE04EC0-301F-11D3-BF4B-00C04F79EFBC}") = "GlobomanticsAPIv1", "GlobomanticsAPIv1\GlobomanticsAPIv1.csproj", "{719AE08E-10EC-40A3-B662-32AC1F69338A}"
EndProject
Global
	GlobalSection(SolutionConfigurationPlatforms) = preSolution
		Debug|Any CPU = Debug|Any CPU
		Release|Any CPU = Release|Any CPU
	EndGlobalSection
	GlobalSection(ProjectConfigurationPlatforms) = postSolution
		{719AE08E-10EC-40A3-B662-32AC1F69338A}.Debug|Any CPU.ActiveCfg = Debug|Any CPU
		{719AE08E-10EC-40A3-B662-32AC1F69338A}.Debug|Any CPU.Build.0 = Debug|Any CPU
		{719AE08E-10EC-40A3-B662-32AC1F69338A}.Release|Any CPU.ActiveCfg = Release|Any CPU
		{719AE08E-10EC-40A3-B662-32AC1F69338A}.Release|Any CPU.Build.0 = Release|Any CPU
	EndGlobalSection
	GlobalSection(SolutionProperties) = preSolution
		HideSolutionNode = FALSE
	EndGlobalSection
	GlobalSection(ExtensibilityGlobals) = postSolution
		SolutionGuid = {05534DF6-140D-485F-9379-131903A7F7C0}
	EndGlobalSection
EndGlobal
